
Microsoft Visual Studio Solution File, Format Version 12.00
# Visual Studio Version 16
VisualStudioVersion = 16.0.31729.503
MinimumVisualStudioVersion = 10.0.40219.1
Project("{FAE04EC0-301F-11D3-BF4B-00C04F79EFBC}") = "Refactor_Project_Series", "Refactor_Project_Series\Refactor_Project_Series.csproj", "{0BC983AE-4FA4-4021-90F2-058E2B5F0DA6}"
EndProject
Global
	GlobalSection(SolutionConfigurationPlatforms) = preSolution
		Debug|Any CPU = Debug|Any CPU
		Release|Any CPU = Release|Any CPU
	EndGlobalSection
	GlobalSection(ProjectConfigurationPlatforms) = postSolution
		{0BC983AE-4FA4-4021-90F2-058E2B5F0DA6}.Debug|Any CPU.ActiveCfg = Debug|Any CPU
		{0BC983AE-4FA4-4021-90F2-058E2B5F0DA6}.Debug|Any CPU.Build.0 = Debug|Any CPU
		{0BC983AE-4FA4-4021-90F2-058E2B5F0DA6}.Release|Any CPU.ActiveCfg = Release|Any CPU
		{0BC983AE-4FA4-4021-90F2-058E2B5F0DA6}.Release|Any CPU.Build.0 = Release|Any CPU
	EndGlobalSection
	GlobalSection(SolutionProperties) = preSolution
		HideSolutionNode = FALSE
	EndGlobalSection
	GlobalSection(ExtensibilityGlobals) = postSolution
		SolutionGuid = {BE6F6FF4-95A2-408A-B09F-15F3C08286CD}
	EndGlobalSection
EndGlobal
